
Microsoft Visual Studio Solution File, Format Version 12.00
# Visual Studio Version 16
VisualStudioVersion = 16.0.29025.244
MinimumVisualStudioVersion = 10.0.40219.1
Project("{9A19103F-16F7-4668-BE54-9A1E7A4F7556}") = "eventbrite", "eventbrite.csproj", "{D9AF2950-3EF7-467C-9FD3-2F8EF3ED8CA3}"
EndProject
Global
	GlobalSection(SolutionConfigurationPlatforms) = preSolution
		Debug|Any CPU = Debug|Any CPU
		Release|Any CPU = Release|Any CPU
	EndGlobalSection
	GlobalSection(ProjectConfigurationPlatforms) = postSolution
		{D9AF2950-3EF7-467C-9FD3-2F8EF3ED8CA3}.Debug|Any CPU.ActiveCfg = Debug|Any CPU
		{D9AF2950-3EF7-467C-9FD3-2F8EF3ED8CA3}.Debug|Any CPU.Build.0 = Debug|Any CPU
		{D9AF2950-3EF7-467C-9FD3-2F8EF3ED8CA3}.Release|Any CPU.ActiveCfg = Release|Any CPU
		{D9AF2950-3EF7-467C-9FD3-2F8EF3ED8CA3}.Release|Any CPU.Build.0 = Release|Any CPU
	EndGlobalSection
	GlobalSection(SolutionProperties) = preSolution
		HideSolutionNode = FALSE
	EndGlobalSection
	GlobalSection(ExtensibilityGlobals) = postSolution
		SolutionGuid = {42B8C037-7293-4B4D-A62C-07D276CCFB8E}
	EndGlobalSection
EndGlobal
